# This file is automatically @generated by Cargo.
# It is not intended for manual editing.
version = 3

[[package]]
name = "git-error"
version = "0.1.0"
dependencies = [
 "hello",
]

[[package]]
name = "hello"
version = "0.1.0"
source = "git+https://github.com/tomaszklak/hello.git?rev=4fa9227dca966071b7e030780c0f8bd7b235403b#4fa9227dca966071b7e030780c0f8bd7b235403b"
